<?xml version="1.0" encoding="UTF-8" standalone="yes" ?>
<CodeBlocks_project_file>
	<FileVersion major="1" minor="6" />
	<Project>
		<Option title="Projekt" />
		<Option pch_mode="2" />
		<Option compiler="gcc" />
		<Build>
			<Target title="Debug">
				<Option output="bin/Debug/Projekt" prefix_auto="1" extension_auto="1" />
				<Option object_output="obj/Debug/" />
				<Option type="1" />
				<Option compiler="gcc" />
				<Compiler>
					<Add option="-g" />
				</Compiler>
			</Target>
			<Target title="Release">
				<Option output="bin/Release/Projekt" prefix_auto="1" extension_auto="1" />
				<Option object_output="obj/Release/" />
				<Option type="1" />
				<Option compiler="gcc" />
				<Compiler>
					<Add option="-O2" />
				</Compiler>
				<Linker>
					<Add option="-s" />
				</Linker>
			</Target>
			<Target title="Testy">
				<Option output="bin/Testy/testy" prefix_auto="1" extension_auto="1" />
				<Option type="1" />
				<Option compiler="gcc" />
				<Option use_console_runner="0" />
			</Target>
		</Build>
		<Compiler>
			<Add option="-Wall" />
			<Add option="-fexceptions" />
		</Compiler>
		<Unit filename="Admin.cpp">
			<Option target="Debug" />
			<Option target="Release" />
		</Unit>
		<Unit filename="Admin.h">
			<Option target="Debug" />
			<Option target="Release" />
		</Unit>
		<Unit filename="Konto.cpp">
			<Option target="Debug" />
			<Option target="Release" />
		</Unit>
		<Unit filename="Konto.h">
			<Option target="Debug" />
			<Option target="Release" />
		</Unit>
		<Unit filename="Material.cpp">
			<Option target="Debug" />
			<Option target="Release" />
		</Unit>
		<Unit filename="Material.h">
			<Option target="Debug" />
			<Option target="Release" />
		</Unit>
		<Unit filename="Przedmiot.cpp">
			<Option target="Debug" />
			<Option target="Release" />
		</Unit>
		<Unit filename="Przedmiot.h">
			<Option target="Debug" />
			<Option target="Release" />
		</Unit>
		<Unit filename="Sesja.cpp">
			<Option target="Debug" />
			<Option target="Release" />
		</Unit>
		<Unit filename="Sesja.h">
			<Option target="Debug" />
			<Option target="Release" />
		</Unit>
		<Unit filename="StronaInternetowa.cpp">
			<Option target="Debug" />
			<Option target="Release" />
		</Unit>
		<Unit filename="StronaInternetowa.h">
			<Option target="Debug" />
			<Option target="Release" />
		</Unit>
		<Unit filename="Student.cpp">
			<Option target="Debug" />
			<Option target="Release" />
		</Unit>
		<Unit filename="Student.h">
			<Option target="Debug" />
			<Option target="Release" />
		</Unit>
		<Unit filename="TestyJednostkowe.cpp">
			<Option target="Testy" />
		</Unit>
		<Unit filename="Wykladowca.cpp">
			<Option target="Debug" />
			<Option target="Release" />
		</Unit>
		<Unit filename="Wykladowca.h">
			<Option target="Debug" />
			<Option target="Release" />
		</Unit>
		<Unit filename="catch.hpp">
			<Option target="Testy" />
		</Unit>
		<Unit filename="indeksy.csv">
			<Option target="Debug" />
			<Option target="Release" />
		</Unit>
		<Unit filename="konta.csv">
			<Option target="Debug" />
			<Option target="Release" />
		</Unit>
		<Unit filename="main.cpp">
			<Option target="Debug" />
			<Option target="Release" />
		</Unit>
		<Unit filename="main_test.cpp">
			<Option target="Testy" />
		</Unit>
		<Unit filename="przedmioty.csv">
			<Option target="Debug" />
			<Option target="Release" />
		</Unit>
		<Extensions>
			<lib_finder disable_auto="1" />
		</Extensions>
	</Project>
</CodeBlocks_project_file>
